
Microsoft Visual Studio Solution File, Format Version 12.00
# Visual Studio Version 17
VisualStudioVersion = 17.14.37111.16 d17.14
MinimumVisualStudioVersion = 10.0.40219.1
Project("{FAE04EC0-301F-11D3-BF4B-00C04F79EFBC}") = "lab4", "lab4\lab4.csproj", "{645C24E9-C08A-4442-BCEA-DA98DB16B562}"
EndProject
Global
	GlobalSection(SolutionConfigurationPlatforms) = preSolution
		Debug|Any CPU = Debug|Any CPU
		Release|Any CPU = Release|Any CPU
	EndGlobalSection
	GlobalSection(ProjectConfigurationPlatforms) = postSolution
		{645C24E9-C08A-4442-BCEA-DA98DB16B562}.Debug|Any CPU.ActiveCfg = Debug|Any CPU
		{645C24E9-C08A-4442-BCEA-DA98DB16B562}.Debug|Any CPU.Build.0 = Debug|Any CPU
		{645C24E9-C08A-4442-BCEA-DA98DB16B562}.Release|Any CPU.ActiveCfg = Release|Any CPU
		{645C24E9-C08A-4442-BCEA-DA98DB16B562}.Release|Any CPU.Build.0 = Release|Any CPU
	EndGlobalSection
	GlobalSection(SolutionProperties) = preSolution
		HideSolutionNode = FALSE
	EndGlobalSection
	GlobalSection(ExtensibilityGlobals) = postSolution
		SolutionGuid = {D7C5E606-8D63-4505-A254-826E5E80BF17}
	EndGlobalSection
EndGlobal
