
Microsoft Visual Studio Solution File, Format Version 12.00
# Visual Studio Version 17
VisualStudioVersion = 17.14.37111.16 d17.14
MinimumVisualStudioVersion = 10.0.40219.1
Project("{FAE04EC0-301F-11D3-BF4B-00C04F79EFBC}") = "lab5", "lab5\lab5.csproj", "{FE838A71-B3FD-4168-B7A8-3B93C8F41A87}"
EndProject
Global
	GlobalSection(SolutionConfigurationPlatforms) = preSolution
		Debug|Any CPU = Debug|Any CPU
		Release|Any CPU = Release|Any CPU
	EndGlobalSection
	GlobalSection(ProjectConfigurationPlatforms) = postSolution
		{FE838A71-B3FD-4168-B7A8-3B93C8F41A87}.Debug|Any CPU.ActiveCfg = Debug|Any CPU
		{FE838A71-B3FD-4168-B7A8-3B93C8F41A87}.Debug|Any CPU.Build.0 = Debug|Any CPU
		{FE838A71-B3FD-4168-B7A8-3B93C8F41A87}.Release|Any CPU.ActiveCfg = Release|Any CPU
		{FE838A71-B3FD-4168-B7A8-3B93C8F41A87}.Release|Any CPU.Build.0 = Release|Any CPU
	EndGlobalSection
	GlobalSection(SolutionProperties) = preSolution
		HideSolutionNode = FALSE
	EndGlobalSection
	GlobalSection(ExtensibilityGlobals) = postSolution
		SolutionGuid = {D480A665-C33F-4C65-83A0-8DE46A1C7EBE}
	EndGlobalSection
EndGlobal
